// !$*UTF8*$!
{
	archiveVersion = 1;
	classes = {
	};
	objectVersion = 50;
	objects = {

/* Begin PBXBuildFile section */
		9C79626D246C6C140055F191 /* AppDelegate.swift in Sources */ = {isa = PBXBuildFile; fileRef = 9C79626C246C6C140055F191 /* AppDelegate.swift */; };
		9C79626F246C6C140055F191 /* SceneDelegate.swift in Sources */ = {isa = PBXBuildFile; fileRef = 9C79626E246C6C140055F191 /* SceneDelegate.swift */; };
		9C796271246C6C140055F191 /* ViewController.swift in Sources */ = {isa = PBXBuildFile; fileRef = 9C796270246C6C140055F191 /* ViewController.swift */; };
		9C796274246C6C140055F191 /* Main.storyboard in Resources */ = {isa = PBXBuildFile; fileRef = 9C796272246C6C140055F191 /* Main.storyboard */; };
		9C796276246C6C150055F191 /* Assets.xcassets in Resources */ = {isa = PBXBuildFile; fileRef = 9C796275246C6C150055F191 /* Assets.xcassets */; };
		9C796279246C6C150055F191 /* LaunchScreen.storyboard in Resources */ = {isa = PBXBuildFile; fileRef = 9C796277246C6C150055F191 /* LaunchScreen.storyboard */; };
		9C796284246C6C150055F191 /* WordListTests.swift in Sources */ = {isa = PBXBuildFile; fileRef = 9C796283246C6C150055F191 /* WordListTests.swift */; };
		9C79628F246C6C150055F191 /* WordListUITests.swift in Sources */ = {isa = PBXBuildFile; fileRef = 9C79628E246C6C150055F191 /* WordListUITests.swift */; };
		9C7962A0246C6C430055F191 /* word_blank.png in Resources */ = {isa = PBXBuildFile; fileRef = 9C79629D246C6C420055F191 /* word_blank.png */; };
		9C7962A1246C6C430055F191 /* fin.png in Resources */ = {isa = PBXBuildFile; fileRef = 9C79629E246C6C420055F191 /* fin.png */; };
		9C7962A2246C6C430055F191 /* title_logo.png in Resources */ = {isa = PBXBuildFile; fileRef = 9C79629F246C6C420055F191 /* title_logo.png */; };
		9C7962A4246C71C50055F191 /* QuestionViewController.swift in Sources */ = {isa = PBXBuildFile; fileRef = 9C7962A3246C71C50055F191 /* QuestionViewController.swift */; };
		9C7962A6246C72190055F191 /* FinishViewController.swift in Sources */ = {isa = PBXBuildFile; fileRef = 9C7962A5246C72190055F191 /* FinishViewController.swift */; };
		9C7962A8246C724D0055F191 /* ListTableViewController.swift in Sources */ = {isa = PBXBuildFile; fileRef = 9C7962A7246C724D0055F191 /* ListTableViewController.swift */; };
		9C7962AA246C726A0055F191 /* AddViewController.swift in Sources */ = {isa = PBXBuildFile; fileRef = 9C7962A9246C726A0055F191 /* AddViewController.swift */; };
		9C7962AC246C7DD60055F191 /* ListTableViewCell.swift in Sources */ = {isa = PBXBuildFile; fileRef = 9C7962AB246C7DD60055F191 /* ListTableViewCell.swift */; };
/* End PBXBuildFile section */

/* Begin PBXContainerItemProxy section */
		9C796280246C6C150055F191 /* PBXContainerItemProxy */ = {
			isa = PBXContainerItemProxy;
			containerPortal = 9C796261246C6C140055F191 /* Project object */;
			proxyType = 1;
			remoteGlobalIDString = 9C796268246C6C140055F191;
			remoteInfo = WordList;
		};
		9C79628B246C6C150055F191 /* PBXContainerItemProxy */ = {
			isa = PBXContainerItemProxy;
			containerPortal = 9C796261246C6C140055F191 /* Project object */;
			proxyType = 1;
			remoteGlobalIDString = 9C796268246C6C140055F191;
			remoteInfo = WordList;
		};
/* End PBXContainerItemProxy section */

/* Begin PBXFileReference section */
		9C796269246C6C140055F191 /* WordList.app */ = {isa = PBXFileReference; explicitFileType = wrapper.application; includeInIndex = 0; path = WordList.app; sourceTree = BUILT_PRODUCTS_DIR; };
		9C79626C246C6C140055F191 /* AppDelegate.swift */ = {isa = PBXFileReference; lastKnownFileType = sourcecode.swift; path = AppDelegate.swift; sourceTree = "<group>"; };
		9C79626E246C6C140055F191 /* SceneDelegate.swift */ = {isa = PBXFileReference; lastKnownFileType = sourcecode.swift; path = SceneDelegate.swift; sourceTree = "<group>"; };
		9C796270246C6C140055F191 /* ViewController.swift */ = {isa = PBXFileReference; lastKnownFileType = sourcecode.swift; path = ViewController.swift; sourceTree = "<group>"; };
		9C796273246C6C140055F191 /* Base */ = {isa = PBXFileReference; lastKnownFileType = file.storyboard; name = Base; path = Base.lproj/Main.storyboard; sourceTree = "<group>"; };
		9C796275246C6C150055F191 /* Assets.xcassets */ = {isa = PBXFileReference; lastKnownFileType = folder.assetcatalog; path = Assets.xcassets; sourceTree = "<group>"; };
		9C796278246C6C150055F191 /* Base */ = {isa = PBXFileReference; lastKnownFileType = file.storyboard; name = Base; path = Base.lproj/LaunchScreen.storyboard; sourceTree = "<group>"; };
		9C79627A246C6C150055F191 /* Info.plist */ = {isa = PBXFileReference; lastKnownFileType = text.plist.xml; path = Info.plist; sourceTree = "<group>"; };
		9C79627F246C6C150055F191 /* WordListTests.xctest */ = {isa = PBXFileReference; explicitFileType = wrapper.cfbundle; includeInIndex = 0; path = WordListTests.xctest; sourceTree = BUILT_PRODUCTS_DIR; };
		9C796283246C6C150055F191 /* WordListTests.swift */ = {isa = PBXFileReference; lastKnownFileType = sourcecode.swift; path = WordListTests.swift; sourceTree = "<group>"; };
		9C796285246C6C150055F191 /* Info.plist */ = {isa = PBXFileReference; lastKnownFileType = text.plist.xml; path = Info.plist; sourceTree = "<group>"; };
		9C79628A246C6C150055F191 /* WordListUITests.xctest */ = {isa = PBXFileReference; explicitFileType = wrapper.cfbundle; includeInIndex = 0; path = WordListUITests.xctest; sourceTree = BUILT_PRODUCTS_DIR; };
		9C79628E246C6C150055F191 /* WordListUITests.swift */ = {isa = PBXFileReference; lastKnownFileType = sourcecode.swift; path = WordListUITests.swift; sourceTree = "<group>"; };
		9C796290246C6C150055F191 /* Info.plist */ = {isa = PBXFileReference; lastKnownFileType = text.plist.xml; path = Info.plist; sourceTree = "<group>"; };
		9C79629D246C6C420055F191 /* word_blank.png */ = {isa = PBXFileReference; lastKnownFileType = image.png; path = word_blank.png; sourceTree = "<group>"; };
		9C79629E246C6C420055F191 /* fin.png */ = {isa = PBXFileReference; lastKnownFileType = image.png; path = fin.png; sourceTree = "<group>"; };
		9C79629F246C6C420055F191 /* title_logo.png */ = {isa = PBXFileReference; lastKnownFileType = image.png; path = title_logo.png; sourceTree = "<group>"; };
		9C7962A3246C71C50055F191 /* QuestionViewController.swift */ = {isa = PBXFileReference; lastKnownFileType = sourcecode.swift; path = QuestionViewController.swift; sourceTree = "<group>"; };
		9C7962A5246C72190055F191 /* FinishViewController.swift */ = {isa = PBXFileReference; lastKnownFileType = sourcecode.swift; path = FinishViewController.swift; sourceTree = "<group>"; };
		9C7962A7246C724D0055F191 /* ListTableViewController.swift */ = {isa = PBXFileReference; lastKnownFileType = sourcecode.swift; path = ListTableViewController.swift; sourceTree = "<group>"; };
		9C7962A9246C726A0055F191 /* AddViewController.swift */ = {isa = PBXFileReference; lastKnownFileType = sourcecode.swift; path = AddViewController.swift; sourceTree = "<group>"; };
		9C7962AB246C7DD60055F191 /* ListTableViewCell.swift */ = {isa = PBXFileReference; lastKnownFileType = sourcecode.swift; path = ListTableViewCell.swift; sourceTree = "<group>"; };
/* End PBXFileReference section */

/* Begin PBXFrameworksBuildPhase section */
		9C796266246C6C140055F191 /* Frameworks */ = {
			isa = PBXFrameworksBuildPhase;
			buildActionMask = 2147483647;
			files = (
			);
			runOnlyForDeploymentPostprocessing = 0;
		};
		9C79627C246C6C150055F191 /* Frameworks */ = {
			isa = PBXFrameworksBuildPhase;
			buildActionMask = 2147483647;
			files = (
			);
			runOnlyForDeploymentPostprocessing = 0;
		};
		9C796287246C6C150055F191 /* Frameworks */ = {
			isa = PBXFrameworksBuildPhase;
			buildActionMask = 2147483647;
			files = (
			);
			runOnlyForDeploymentPostprocessing = 0;
		};
/* End PBXFrameworksBuildPhase section */

/* Begin PBXGroup section */
		9C796260246C6C140055F191 = {
			isa = PBXGroup;
			children = (
				9C79626B246C6C140055F191 /* WordList */,
				9C796282246C6C150055F191 /* WordListTests */,
				9C79628D246C6C150055F191 /* WordListUITests */,
				9C79626A246C6C140055F191 /* Products */,
			);
			sourceTree = "<group>";
		};
		9C79626A246C6C140055F191 /* Products */ = {
			isa = PBXGroup;
			children = (
				9C796269246C6C140055F191 /* WordList.app */,
				9C79627F246C6C150055F191 /* WordListTests.xctest */,
				9C79628A246C6C150055F191 /* WordListUITests.xctest */,
			);
			name = Products;
			sourceTree = "<group>";
		};
		9C79626B246C6C140055F191 /* WordList */ = {
			isa = PBXGroup;
			children = (
				9C79626C246C6C140055F191 /* AppDelegate.swift */,
				9C79626E246C6C140055F191 /* SceneDelegate.swift */,
				9C796270246C6C140055F191 /* ViewController.swift */,
				9C796272246C6C140055F191 /* Main.storyboard */,
				9C7962A9246C726A0055F191 /* AddViewController.swift */,
				9C7962AB246C7DD60055F191 /* ListTableViewCell.swift */,
				9C7962A7246C724D0055F191 /* ListTableViewController.swift */,
				9C7962A5246C72190055F191 /* FinishViewController.swift */,
				9C7962A3246C71C50055F191 /* QuestionViewController.swift */,
				9C796275246C6C150055F191 /* Assets.xcassets */,
				9C796277246C6C150055F191 /* LaunchScreen.storyboard */,
				9C79627A246C6C150055F191 /* Info.plist */,
				9C79629C246C6C420055F191 /* WordList素材 */,
			);
			path = WordList;
			sourceTree = "<group>";
		};
		9C796282246C6C150055F191 /* WordListTests */ = {
			isa = PBXGroup;
			children = (
				9C796283246C6C150055F191 /* WordListTests.swift */,
				9C796285246C6C150055F191 /* Info.plist */,
			);
			path = WordListTests;
			sourceTree = "<group>";
		};
		9C79628D246C6C150055F191 /* WordListUITests */ = {
			isa = PBXGroup;
			children = (
				9C79628E246C6C150055F191 /* WordListUITests.swift */,
				9C796290246C6C150055F191 /* Info.plist */,
			);
			path = WordListUITests;
			sourceTree = "<group>";
		};
		9C79629C246C6C420055F191 /* WordList素材 */ = {
			isa = PBXGroup;
			children = (
				9C79629D246C6C420055F191 /* word_blank.png */,
				9C79629E246C6C420055F191 /* fin.png */,
				9C79629F246C6C420055F191 /* title_logo.png */,
			);
			path = "WordList素材";
			sourceTree = "<group>";
		};
/* End PBXGroup section */

/* Begin PBXNativeTarget section */
		9C796268246C6C140055F191 /* WordList */ = {
			isa = PBXNativeTarget;
			buildConfigurationList = 9C796293246C6C150055F191 /* Build configuration list for PBXNativeTarget "WordList" */;
			buildPhases = (
				9C796265246C6C140055F191 /* Sources */,
				9C796266246C6C140055F191 /* Frameworks */,
				9C796267246C6C140055F191 /* Resources */,
			);
			buildRules = (
			);
			dependencies = (
			);
			name = WordList;
			productName = WordList;
			productReference = 9C796269246C6C140055F191 /* WordList.app */;
			productType = "com.apple.product-type.application";
		};
		9C79627E246C6C150055F191 /* WordListTests */ = {
			isa = PBXNativeTarget;
			buildConfigurationList = 9C796296246C6C150055F191 /* Build configuration list for PBXNativeTarget "WordListTests" */;
			buildPhases = (
				9C79627B246C6C150055F191 /* Sources */,
				9C79627C246C6C150055F191 /* Frameworks */,
				9C79627D246C6C150055F191 /* Resources */,
			);
			buildRules = (
			);
			dependencies = (
				9C796281246C6C150055F191 /* PBXTargetDependency */,
			);
			name = WordListTests;
			productName = WordListTests;
			productReference = 9C79627F246C6C150055F191 /* WordListTests.xctest */;
			productType = "com.apple.product-type.bundle.unit-test";
		};
		9C796289246C6C150055F191 /* WordListUITests */ = {
			isa = PBXNativeTarget;
			buildConfigurationList = 9C796299246C6C150055F191 /* Build configuration list for PBXNativeTarget "WordListUITests" */;
			buildPhases = (
				9C796286246C6C150055F191 /* Sources */,
				9C796287246C6C150055F191 /* Frameworks */,
				9C796288246C6C150055F191 /* Resources */,
			);
			buildRules = (
			);
			dependencies = (
				9C79628C246C6C150055F191 /* PBXTargetDependency */,
			);
			name = WordListUITests;
			productName = WordListUITests;
			productReference = 9C79628A246C6C150055F191 /* WordListUITests.xctest */;
			productType = "com.apple.product-type.bundle.ui-testing";
		};
/* End PBXNativeTarget section */

/* Begin PBXProject section */
		9C796261246C6C140055F191 /* Project object */ = {
			isa = PBXProject;
			attributes = {
				LastSwiftUpdateCheck = 1140;
				LastUpgradeCheck = 1140;
				ORGANIZATIONNAME = "松島優希";
				TargetAttributes = {
					9C796268246C6C140055F191 = {
						CreatedOnToolsVersion = 11.4.1;
					};
					9C79627E246C6C150055F191 = {
						CreatedOnToolsVersion = 11.4.1;
						TestTargetID = 9C796268246C6C140055F191;
					};
					9C796289246C6C150055F191 = {
						CreatedOnToolsVersion = 11.4.1;
						TestTargetID = 9C796268246C6C140055F191;
					};
				};
			};
			buildConfigurationList = 9C796264246C6C140055F191 /* Build configuration list for PBXProject "WordList" */;
			compatibilityVersion = "Xcode 9.3";
			developmentRegion = en;
			hasScannedForEncodings = 0;
			knownRegions = (
				en,
				Base,
			);
			mainGroup = 9C796260246C6C140055F191;
			productRefGroup = 9C79626A246C6C140055F191 /* Products */;
			projectDirPath = "";
			projectRoot = "";
			targets = (
				9C796268246C6C140055F191 /* WordList */,
				9C79627E246C6C150055F191 /* WordListTests */,
				9C796289246C6C150055F191 /* WordListUITests */,
			);
		};
/* End PBXProject section */

/* Begin PBXResourcesBuildPhase section */
		9C796267246C6C140055F191 /* Resources */ = {
			isa = PBXResourcesBuildPhase;
			buildActionMask = 2147483647;
			files = (
				9C7962A0246C6C430055F191 /* word_blank.png in Resources */,
				9C7962A2246C6C430055F191 /* title_logo.png in Resources */,
				9C796279246C6C150055F191 /* LaunchScreen.storyboard in Resources */,
				9C796276246C6C150055F191 /* Assets.xcassets in Resources */,
				9C7962A1246C6C430055F191 /* fin.png in Resources */,
				9C796274246C6C140055F191 /* Main.storyboard in Resources */,
			);
			runOnlyForDeploymentPostprocessing = 0;
		};
		9C79627D246C6C150055F191 /* Resources */ = {
			isa = PBXResourcesBuildPhase;
			buildActionMask = 2147483647;
			files = (
			);
			runOnlyForDeploymentPostprocessing = 0;
		};
		9C796288246C6C150055F191 /* Resources */ = {
			isa = PBXResourcesBuildPhase;
			buildActionMask = 2147483647;
			files = (
			);
			runOnlyForDeploymentPostprocessing = 0;
		};
/* End PBXResourcesBuildPhase section */

/* Begin PBXSourcesBuildPhase section */
		9C796265246C6C140055F191 /* Sources */ = {
			isa = PBXSourcesBuildPhase;
			buildActionMask = 2147483647;
			files = (
				9C7962A6246C72190055F191 /* FinishViewController.swift in Sources */,
				9C7962AC246C7DD60055F191 /* ListTableViewCell.swift in Sources */,
				9C796271246C6C140055F191 /* ViewController.swift in Sources */,
				9C7962AA246C726A0055F191 /* AddViewController.swift in Sources */,
				9C79626D246C6C140055F191 /* AppDelegate.swift in Sources */,
				9C7962A8246C724D0055F191 /* ListTableViewController.swift in Sources */,
				9C7962A4246C71C50055F191 /* QuestionViewController.swift in Sources */,
				9C79626F246C6C140055F191 /* SceneDelegate.swift in Sources */,
			);
			runOnlyForDeploymentPostprocessing = 0;
		};
		9C79627B246C6C150055F191 /* Sources */ = {
			isa = PBXSourcesBuildPhase;
			buildActionMask = 2147483647;
			files = (
				9C796284246C6C150055F191 /* WordListTests.swift in Sources */,
			);
			runOnlyForDeploymentPostprocessing = 0;
		};
		9C796286246C6C150055F191 /* Sources */ = {
			isa = PBXSourcesBuildPhase;
			buildActionMask = 2147483647;
			files = (
				9C79628F246C6C150055F191 /* WordListUITests.swift in Sources */,
			);
			runOnlyForDeploymentPostprocessing = 0;
		};
/* End PBXSourcesBuildPhase section */

/* Begin PBXTargetDependency section */
		9C796281246C6C150055F191 /* PBXTargetDependency */ = {
			isa = PBXTargetDependency;
			target = 9C796268246C6C140055F191 /* WordList */;
			targetProxy = 9C796280246C6C150055F191 /* PBXContainerItemProxy */;
		};
		9C79628C246C6C150055F191 /* PBXTargetDependency */ = {
			isa = PBXTargetDependency;
			target = 9C796268246C6C140055F191 /* WordList */;
			targetProxy = 9C79628B246C6C150055F191 /* PBXContainerItemProxy */;
		};
/* End PBXTargetDependency section */

/* Begin PBXVariantGroup section */
		9C796272246C6C140055F191 /* Main.storyboard */ = {
			isa = PBXVariantGroup;
			children = (
				9C796273246C6C140055F191 /* Base */,
			);
			name = Main.storyboard;
			sourceTree = "<group>";
		};
		9C796277246C6C150055F191 /* LaunchScreen.storyboard */ = {
			isa = PBXVariantGroup;
			children = (
				9C796278246C6C150055F191 /* Base */,
			);
			name = LaunchScreen.storyboard;
			sourceTree = "<group>";
		};
/* End PBXVariantGroup section */

/* Begin XCBuildConfiguration section */
		9C796291246C6C150055F191 /* Debug */ = {
			isa = XCBuildConfiguration;
			buildSettings = {
				ALWAYS_SEARCH_USER_PATHS = NO;
				CLANG_ANALYZER_NONNULL = YES;
				CLANG_ANALYZER_NUMBER_OBJECT_CONVERSION = YES_AGGRESSIVE;
				CLANG_CXX_LANGUAGE_STANDARD = "gnu++14";
				CLANG_CXX_LIBRARY = "libc++";
				CLANG_ENABLE_MODULES = YES;
				CLANG_ENABLE_OBJC_ARC = YES;
				CLANG_ENABLE_OBJC_WEAK = YES;
				CLANG_WARN_BLOCK_CAPTURE_AUTORELEASING = YES;
				CLANG_WARN_BOOL_CONVERSION = YES;
				CLANG_WARN_COMMA = YES;
				CLANG_WARN_CONSTANT_CONVERSION = YES;
				CLANG_WARN_DEPRECATED_OBJC_IMPLEMENTATIONS = YES;
				CLANG_WARN_DIRECT_OBJC_ISA_USAGE = YES_ERROR;
				CLANG_WARN_DOCUMENTATION_COMMENTS = YES;
				CLANG_WARN_EMPTY_BODY = YES;
				CLANG_WARN_ENUM_CONVERSION = YES;
				CLANG_WARN_INFINITE_RECURSION = YES;
				CLANG_WARN_INT_CONVERSION = YES;
				CLANG_WARN_NON_LITERAL_NULL_CONVERSION = YES;
				CLANG_WARN_OBJC_IMPLICIT_RETAIN_SELF = YES;
				CLANG_WARN_OBJC_LITERAL_CONVERSION = YES;
				CLANG_WARN_OBJC_ROOT_CLASS = YES_ERROR;
				CLANG_WARN_RANGE_LOOP_ANALYSIS = YES;
				CLANG_WARN_STRICT_PROTOTYPES = YES;
				CLANG_WARN_SUSPICIOUS_MOVE = YES;
				CLANG_WARN_UNGUARDED_AVAILABILITY = YES_AGGRESSIVE;
				CLANG_WARN_UNREACHABLE_CODE = YES;
				CLANG_WARN__DUPLICATE_METHOD_MATCH = YES;
				COPY_PHASE_STRIP = NO;
				DEBUG_INFORMATION_FORMAT = dwarf;
				ENABLE_STRICT_OBJC_MSGSEND = YES;
				ENABLE_TESTABILITY = YES;
				GCC_C_LANGUAGE_STANDARD = gnu11;
				GCC_DYNAMIC_NO_PIC = NO;
				GCC_NO_COMMON_BLOCKS = YES;
				GCC_OPTIMIZATION_LEVEL = 0;
				GCC_PREPROCESSOR_DEFINITIONS = (
					"DEBUG=1",
					"$(inherited)",
				);
				GCC_WARN_64_TO_32_BIT_CONVERSION = YES;
				GCC_WARN_ABOUT_RETURN_TYPE = YES_ERROR;
				GCC_WARN_UNDECLARED_SELECTOR = YES;
				GCC_WARN_UNINITIALIZED_AUTOS = YES_AGGRESSIVE;
				GCC_WARN_UNUSED_FUNCTION = YES;
				GCC_WARN_UNUSED_VARIABLE = YES;
				IPHONEOS_DEPLOYMENT_TARGET = 13.4;
				MTL_ENABLE_DEBUG_INFO = INCLUDE_SOURCE;
				MTL_FAST_MATH = YES;
				ONLY_ACTIVE_ARCH = YES;
				SDKROOT = iphoneos;
				SWIFT_ACTIVE_COMPILATION_CONDITIONS = DEBUG;
				SWIFT_OPTIMIZATION_LEVEL = "-Onone";
			};
			name = Debug;
		};
		9C796292246C6C150055F191 /* Release */ = {
			isa = XCBuildConfiguration;
			buildSettings = {
				ALWAYS_SEARCH_USER_PATHS = NO;
				CLANG_ANALYZER_NONNULL = YES;
				CLANG_ANALYZER_NUMBER_OBJECT_CONVERSION = YES_AGGRESSIVE;
				CLANG_CXX_LANGUAGE_STANDARD = "gnu++14";
				CLANG_CXX_LIBRARY = "libc++";
				CLANG_ENABLE_MODULES = YES;
				CLANG_ENABLE_OBJC_ARC = YES;
				CLANG_ENABLE_OBJC_WEAK = YES;
				CLANG_WARN_BLOCK_CAPTURE_AUTORELEASING = YES;
				CLANG_WARN_BOOL_CONVERSION = YES;
				CLANG_WARN_COMMA = YES;
				CLANG_WARN_CONSTANT_CONVERSION = YES;
				CLANG_WARN_DEPRECATED_OBJC_IMPLEMENTATIONS = YES;
				CLANG_WARN_DIRECT_OBJC_ISA_USAGE = YES_ERROR;
				CLANG_WARN_DOCUMENTATION_COMMENTS = YES;
				CLANG_WARN_EMPTY_BODY = YES;
				CLANG_WARN_ENUM_CONVERSION = YES;
				CLANG_WARN_INFINITE_RECURSION = YES;
				CLANG_WARN_INT_CONVERSION = YES;
				CLANG_WARN_NON_LITERAL_NULL_CONVERSION = YES;
				CLANG_WARN_OBJC_IMPLICIT_RETAIN_SELF = YES;
				CLANG_WARN_OBJC_LITERAL_CONVERSION = YES;
				CLANG_WARN_OBJC_ROOT_CLASS = YES_ERROR;
				CLANG_WARN_RANGE_LOOP_ANALYSIS = YES;
				CLANG_WARN_STRICT_PROTOTYPES = YES;
				CLANG_WARN_SUSPICIOUS_MOVE = YES;
				CLANG_WARN_UNGUARDED_AVAILABILITY = YES_AGGRESSIVE;
				CLANG_WARN_UNREACHABLE_CODE = YES;
				CLANG_WARN__DUPLICATE_METHOD_MATCH = YES;
				COPY_PHASE_STRIP = NO;
				DEBUG_INFORMATION_FORMAT = "dwarf-with-dsym";
				ENABLE_NS_ASSERTIONS = NO;
				ENABLE_STRICT_OBJC_MSGSEND = YES;
				GCC_C_LANGUAGE_STANDARD = gnu11;
				GCC_NO_COMMON_BLOCKS = YES;
				GCC_WARN_64_TO_32_BIT_CONVERSION = YES;
				GCC_WARN_ABOUT_RETURN_TYPE = YES_ERROR;
				GCC_WARN_UNDECLARED_SELECTOR = YES;
				GCC_WARN_UNINITIALIZED_AUTOS = YES_AGGRESSIVE;
				GCC_WARN_UNUSED_FUNCTION = YES;
				GCC_WARN_UNUSED_VARIABLE = YES;
				IPHONEOS_DEPLOYMENT_TARGET = 13.4;
				MTL_ENABLE_DEBUG_INFO = NO;
				MTL_FAST_MATH = YES;
				SDKROOT = iphoneos;
				SWIFT_COMPILATION_MODE = wholemodule;
				SWIFT_OPTIMIZATION_LEVEL = "-O";
				VALIDATE_PRODUCT = YES;
			};
			name = Release;
		};
		9C796294246C6C150055F191 /* Debug */ = {
			isa = XCBuildConfiguration;
			buildSettings = {
				ASSETCATALOG_COMPILER_APPICON_NAME = AppIcon;
				CODE_SIGN_STYLE = Automatic;
				DEVELOPMENT_TEAM = 9DC67NVFSC;
				INFOPLIST_FILE = WordList/Info.plist;
				LD_RUNPATH_SEARCH_PATHS = (
					"$(inherited)",
					"@executable_path/Frameworks",
				);
				PRODUCT_BUNDLE_IDENTIFIER = app.matsushima.mukku.WordList;
				PRODUCT_NAME = "$(TARGET_NAME)";
				SWIFT_VERSION = 5.0;
				TARGETED_DEVICE_FAMILY = "1,2";
			};
			name = Debug;
		};
		9C796295246C6C150055F191 /* Release */ = {
			isa = XCBuildConfiguration;
			buildSettings = {
				ASSETCATALOG_COMPILER_APPICON_NAME = AppIcon;
				CODE_SIGN_STYLE = Automatic;
				DEVELOPMENT_TEAM = 9DC67NVFSC;
				INFOPLIST_FILE = WordList/Info.plist;
				LD_RUNPATH_SEARCH_PATHS = (
					"$(inherited)",
					"@executable_path/Frameworks",
				);
				PRODUCT_BUNDLE_IDENTIFIER = app.matsushima.mukku.WordList;
				PRODUCT_NAME = "$(TARGET_NAME)";
				SWIFT_VERSION = 5.0;
				TARGETED_DEVICE_FAMILY = "1,2";
			};
			name = Release;
		};
		9C796297246C6C150055F191 /* Debug */ = {
			isa = XCBuildConfiguration;
			buildSettings = {
				ALWAYS_EMBED_SWIFT_STANDARD_LIBRARIES = YES;
				BUNDLE_LOADER = "$(TEST_HOST)";
				CODE_SIGN_STYLE = Automatic;
				DEVELOPMENT_TEAM = 9DC67NVFSC;
				INFOPLIST_FILE = WordListTests/Info.plist;
				IPHONEOS_DEPLOYMENT_TARGET = 13.4;
				LD_RUNPATH_SEARCH_PATHS = (
					"$(inherited)",
					"@executable_path/Frameworks",
					"@loader_path/Frameworks",
				);
				PRODUCT_BUNDLE_IDENTIFIER = app.matsushima.mukku.WordListTests;
				PRODUCT_NAME = "$(TARGET_NAME)";
				SWIFT_VERSION = 5.0;
				TARGETED_DEVICE_FAMILY = "1,2";
				TEST_HOST = "$(BUILT_PRODUCTS_DIR)/WordList.app/WordList";
			};
			name = Debug;
		};
		9C796298246C6C150055F191 /* Release */ = {
			isa = XCBuildConfiguration;
			buildSettings = {
				ALWAYS_EMBED_SWIFT_STANDARD_LIBRARIES = YES;
				BUNDLE_LOADER = "$(TEST_HOST)";
				CODE_SIGN_STYLE = Automatic;
				DEVELOPMENT_TEAM = 9DC67NVFSC;
				INFOPLIST_FILE = WordListTests/Info.plist;
				IPHONEOS_DEPLOYMENT_TARGET = 13.4;
				LD_RUNPATH_SEARCH_PATHS = (
					"$(inherited)",
					"@executable_path/Frameworks",
					"@loader_path/Frameworks",
				);
				PRODUCT_BUNDLE_IDENTIFIER = app.matsushima.mukku.WordListTests;
				PRODUCT_NAME = "$(TARGET_NAME)";
				SWIFT_VERSION = 5.0;
				TARGETED_DEVICE_FAMILY = "1,2";
				TEST_HOST = "$(BUILT_PRODUCTS_DIR)/WordList.app/WordList";
			};
			name = Release;
		};
		9C79629A246C6C150055F191 /* Debug */ = {
			isa = XCBuildConfiguration;
			buildSettings = {
				ALWAYS_EMBED_SWIFT_STANDARD_LIBRARIES = YES;
				CODE_SIGN_STYLE = Automatic;
				DEVELOPMENT_TEAM = 9DC67NVFSC;
				INFOPLIST_FILE = WordListUITests/Info.plist;
				LD_RUNPATH_SEARCH_PATHS = (
					"$(inherited)",
					"@executable_path/Frameworks",
					"@loader_path/Frameworks",
				);
				PRODUCT_BUNDLE_IDENTIFIER = app.matsushima.mukku.WordListUITests;
				PRODUCT_NAME = "$(TARGET_NAME)";
				SWIFT_VERSION = 5.0;
				TARGETED_DEVICE_FAMILY = "1,2";
				TEST_TARGET_NAME = WordList;
			};
			name = Debug;
		};
		9C79629B246C6C150055F191 /* Release */ = {
			isa = XCBuildConfiguration;
			buildSettings = {
				ALWAYS_EMBED_SWIFT_STANDARD_LIBRARIES = YES;
				CODE_SIGN_STYLE = Automatic;
				DEVELOPMENT_TEAM = 9DC67NVFSC;
				INFOPLIST_FILE = WordListUITests/Info.plist;
				LD_RUNPATH_SEARCH_PATHS = (
					"$(inherited)",
					"@executable_path/Frameworks",
					"@loader_path/Frameworks",
				);
				PRODUCT_BUNDLE_IDENTIFIER = app.matsushima.mukku.WordListUITests;
				PRODUCT_NAME = "$(TARGET_NAME)";
				SWIFT_VERSION = 5.0;
				TARGETED_DEVICE_FAMILY = "1,2";
				TEST_TARGET_NAME = WordList;
			};
			name = Release;
		};
/* End XCBuildConfiguration section */

/* Begin XCConfigurationList section */
		9C796264246C6C140055F191 /* Build configuration list for PBXProject "WordList" */ = {
			isa = XCConfigurationList;
			buildConfigurations = (
				9C796291246C6C150055F191 /* Debug */,
				9C796292246C6C150055F191 /* Release */,
			);
			defaultConfigurationIsVisible = 0;
			defaultConfigurationName = Release;
		};
		9C796293246C6C150055F191 /* Build configuration list for PBXNativeTarget "WordList" */ = {
			isa = XCConfigurationList;
			buildConfigurations = (
				9C796294246C6C150055F191 /* Debug */,
				9C796295246C6C150055F191 /* Release */,
			);
			defaultConfigurationIsVisible = 0;
			defaultConfigurationName = Release;
		};
		9C796296246C6C150055F191 /* Build configuration list for PBXNativeTarget "WordListTests" */ = {
			isa = XCConfigurationList;
			buildConfigurations = (
				9C796297246C6C150055F191 /* Debug */,
				9C796298246C6C150055F191 /* Release */,
			);
			defaultConfigurationIsVisible = 0;
			defaultConfigurationName = Release;
		};
		9C796299246C6C150055F191 /* Build configuration list for PBXNativeTarget "WordListUITests" */ = {
			isa = XCConfigurationList;
			buildConfigurations = (
				9C79629A246C6C150055F191 /* Debug */,
				9C79629B246C6C150055F191 /* Release */,
			);
			defaultConfigurationIsVisible = 0;
			defaultConfigurationName = Release;
		};
/* End XCConfigurationList section */
	};
	rootObject = 9C796261246C6C140055F191 /* Project object */;
}
